
Microsoft Visual Studio Solution File, Format Version 12.00
# Visual Studio Version 17
VisualStudioVersion = 17.0.32014.148
MinimumVisualStudioVersion = 10.0.40219.1
Project("{FAE04EC0-301F-11D3-BF4B-00C04F79EFBC}") = "PVolume", "PVolume\PVolume.csproj", "{2B5B1D09-3801-42CE-8B74-EC95EEE7E30C}"
EndProject
Global
	GlobalSection(SolutionConfigurationPlatforms) = preSolution
		Debug|Any CPU = Debug|Any CPU
		Release|Any CPU = Release|Any CPU
	EndGlobalSection
	GlobalSection(ProjectConfigurationPlatforms) = postSolution
		{2B5B1D09-3801-42CE-8B74-EC95EEE7E30C}.Debug|Any CPU.ActiveCfg = Debug|Any CPU
		{2B5B1D09-3801-42CE-8B74-EC95EEE7E30C}.Debug|Any CPU.Build.0 = Debug|Any CPU
		{2B5B1D09-3801-42CE-8B74-EC95EEE7E30C}.Release|Any CPU.ActiveCfg = Release|Any CPU
		{2B5B1D09-3801-42CE-8B74-EC95EEE7E30C}.Release|Any CPU.Build.0 = Release|Any CPU
	EndGlobalSection
	GlobalSection(SolutionProperties) = preSolution
		HideSolutionNode = FALSE
	EndGlobalSection
	GlobalSection(ExtensibilityGlobals) = postSolution
		SolutionGuid = {A6CEBBB7-8A2B-4BF6-B315-D76D4BEB13B0}
	EndGlobalSection
EndGlobal
